// !$*UTF8*$!
{
	archiveVersion = 1;
	classes = {
	};
	objectVersion = 56;
	objects = {

/* Begin PBXBuildFile section */
		0C2045FE2C911D8D00D22B1B /* Functions.swift in Sources */ = {isa = PBXBuildFile; fileRef = 0C2045FD2C911D8D00D22B1B /* Functions.swift */; };
		0C425A892C88F05800B7D9AB /* FriendSocial_IOSApp.swift in Sources */ = {isa = PBXBuildFile; fileRef = 0C425A882C88F05800B7D9AB /* FriendSocial_IOSApp.swift */; };
		0C425A8B2C88F05800B7D9AB /* ContentView.swift in Sources */ = {isa = PBXBuildFile; fileRef = 0C425A8A2C88F05800B7D9AB /* ContentView.swift */; };
		0C425A8D2C88F05800B7D9AB /* Assets.xcassets in Resources */ = {isa = PBXBuildFile; fileRef = 0C425A8C2C88F05800B7D9AB /* Assets.xcassets */; };
		0C425A902C88F05800B7D9AB /* Preview Assets.xcassets in Resources */ = {isa = PBXBuildFile; fileRef = 0C425A8F2C88F05800B7D9AB /* Preview Assets.xcassets */; };
		0C425A9A2C88F05800B7D9AB /* FriendSocial_IOSTests.swift in Sources */ = {isa = PBXBuildFile; fileRef = 0C425A992C88F05800B7D9AB /* FriendSocial_IOSTests.swift */; };
		0C425AA42C88F05800B7D9AB /* FriendSocial_IOSUITests.swift in Sources */ = {isa = PBXBuildFile; fileRef = 0C425AA32C88F05800B7D9AB /* FriendSocial_IOSUITests.swift */; };
		0C425AA62C88F05800B7D9AB /* FriendSocial_IOSUITestsLaunchTests.swift in Sources */ = {isa = PBXBuildFile; fileRef = 0C425AA52C88F05800B7D9AB /* FriendSocial_IOSUITestsLaunchTests.swift */; };
		0C425AC02C88F14000B7D9AB /* ActivitiesViewModel.swift in Sources */ = {isa = PBXBuildFile; fileRef = 0C425AB22C88F13F00B7D9AB /* ActivitiesViewModel.swift */; };
		0C425AC12C88F14000B7D9AB /* Activity.swift in Sources */ = {isa = PBXBuildFile; fileRef = 0C425AB42C88F14000B7D9AB /* Activity.swift */; };
		0C425AC22C88F14000B7D9AB /* User.swift in Sources */ = {isa = PBXBuildFile; fileRef = 0C425AB52C88F14000B7D9AB /* User.swift */; };
		0C425AC32C88F14000B7D9AB /* APIService.swift in Sources */ = {isa = PBXBuildFile; fileRef = 0C425AB72C88F14000B7D9AB /* APIService.swift */; };
		0C425AC42C88F14000B7D9AB /* Constants.swift in Sources */ = {isa = PBXBuildFile; fileRef = 0C425AB92C88F14000B7D9AB /* Constants.swift */; };
		0C425AC52C88F14000B7D9AB /* ActivitiesView.swift in Sources */ = {isa = PBXBuildFile; fileRef = 0C425ABB2C88F14000B7D9AB /* ActivitiesView.swift */; };
		0C425AC62C88F14000B7D9AB /* ActivityCard.swift in Sources */ = {isa = PBXBuildFile; fileRef = 0C425ABC2C88F14000B7D9AB /* ActivityCard.swift */; };
		0C425ACA2C893F3100B7D9AB /* ScheduledActivity.swift in Sources */ = {isa = PBXBuildFile; fileRef = 0C425AC82C893F3100B7D9AB /* ScheduledActivity.swift */; };
		0C425ACB2C893F3100B7D9AB /* ActivityParticipant.swift in Sources */ = {isa = PBXBuildFile; fileRef = 0C425AC92C893F3100B7D9AB /* ActivityParticipant.swift */; };
		0C425ACD2C89415F00B7D9AB /* Location.swift in Sources */ = {isa = PBXBuildFile; fileRef = 0C425ACC2C89415F00B7D9AB /* Location.swift */; };
		0C80B4A52C8CC72600AB720B /* Poppins-Bold.ttf in Resources */ = {isa = PBXBuildFile; fileRef = 0C80B4962C8CC6F000AB720B /* Poppins-Bold.ttf */; };
		0C80B4A62C8CC72600AB720B /* Poppins-Black.ttf in Resources */ = {isa = PBXBuildFile; fileRef = 0C80B4932C8CC6F000AB720B /* Poppins-Black.ttf */; };
		0C80B4A72C8CC72600AB720B /* Poppins-MediumItalic.ttf in Resources */ = {isa = PBXBuildFile; fileRef = 0C80B4A22C8CC6F000AB720B /* Poppins-MediumItalic.ttf */; };
		0C80B4A82C8CC72600AB720B /* Poppins-Medium.ttf in Resources */ = {isa = PBXBuildFile; fileRef = 0C80B4A02C8CC6F000AB720B /* Poppins-Medium.ttf */; };
		0C80B4A92C8CC72600AB720B /* Poppins-ThinItalic.ttf in Resources */ = {isa = PBXBuildFile; fileRef = 0C80B4A12C8CC6F000AB720B /* Poppins-ThinItalic.ttf */; };
		0C80B4AA2C8CC72600AB720B /* Poppins-ExtraBold.ttf in Resources */ = {isa = PBXBuildFile; fileRef = 0C80B49A2C8CC6F000AB720B /* Poppins-ExtraBold.ttf */; };
		0C80B4AB2C8CC72600AB720B /* Poppins-BlackItalic.ttf in Resources */ = {isa = PBXBuildFile; fileRef = 0C80B4942C8CC6F000AB720B /* Poppins-BlackItalic.ttf */; };
		0C80B4AC2C8CC72600AB720B /* Poppins-Italic.ttf in Resources */ = {isa = PBXBuildFile; fileRef = 0C80B4952C8CC6F000AB720B /* Poppins-Italic.ttf */; };
		0C80B4AD2C8CC72600AB720B /* Poppins-Light.ttf in Resources */ = {isa = PBXBuildFile; fileRef = 0C80B49B2C8CC6F000AB720B /* Poppins-Light.ttf */; };
		0C80B4AE2C8CC72600AB720B /* Poppins-SemiBold.ttf in Resources */ = {isa = PBXBuildFile; fileRef = 0C80B49D2C8CC6F000AB720B /* Poppins-SemiBold.ttf */; };
		0C80B4AF2C8CC72600AB720B /* Poppins-SemiBoldItalic.ttf in Resources */ = {isa = PBXBuildFile; fileRef = 0C80B49E2C8CC6F000AB720B /* Poppins-SemiBoldItalic.ttf */; };
		0C80B4B02C8CC72600AB720B /* Poppins-Thin.ttf in Resources */ = {isa = PBXBuildFile; fileRef = 0C80B4972C8CC6F000AB720B /* Poppins-Thin.ttf */; };
		0C80B4B12C8CC72600AB720B /* Poppins-BoldItalic.ttf in Resources */ = {isa = PBXBuildFile; fileRef = 0C80B4992C8CC6F000AB720B /* Poppins-BoldItalic.ttf */; };
		0C80B4B22C8CC72600AB720B /* Poppins-ExtraLightItalic.ttf in Resources */ = {isa = PBXBuildFile; fileRef = 0C80B4A42C8CC6F000AB720B /* Poppins-ExtraLightItalic.ttf */; };
		0C80B4B32C8CC72600AB720B /* Poppins-LightItalic.ttf in Resources */ = {isa = PBXBuildFile; fileRef = 0C80B4982C8CC6F000AB720B /* Poppins-LightItalic.ttf */; };
		0C80B4B42C8CC72600AB720B /* Poppins-ExtraBoldItalic.ttf in Resources */ = {isa = PBXBuildFile; fileRef = 0C80B49F2C8CC6F000AB720B /* Poppins-ExtraBoldItalic.ttf */; };
		0C80B4B52C8CC72600AB720B /* Poppins-ExtraLight.ttf in Resources */ = {isa = PBXBuildFile; fileRef = 0C80B49C2C8CC6F000AB720B /* Poppins-ExtraLight.ttf */; };
		0C80B4B62C8CC72600AB720B /* Poppins-Regular.ttf in Resources */ = {isa = PBXBuildFile; fileRef = 0C80B4A32C8CC6F000AB720B /* Poppins-Regular.ttf */; };
		0C80B4B82C8DF0E400AB720B /* HomeView.swift in Sources */ = {isa = PBXBuildFile; fileRef = 0C80B4B72C8DF0E400AB720B /* HomeView.swift */; };
		0C80B4EF2C8E72DA00AB720B /* Inter_28pt-ExtraBoldItalic.ttf in Resources */ = {isa = PBXBuildFile; fileRef = 0C80B4B92C8E72D900AB720B /* Inter_28pt-ExtraBoldItalic.ttf */; };
		0C80B4F02C8E72DA00AB720B /* Inter_28pt-Light.ttf in Resources */ = {isa = PBXBuildFile; fileRef = 0C80B4BA2C8E72D900AB720B /* Inter_28pt-Light.ttf */; };
		0C80B4F12C8E72DA00AB720B /* Inter_24pt-Black.ttf in Resources */ = {isa = PBXBuildFile; fileRef = 0C80B4BB2C8E72D900AB720B /* Inter_24pt-Black.ttf */; };
		0C80B4F22C8E72DA00AB720B /* Inter_24pt-Light.ttf in Resources */ = {isa = PBXBuildFile; fileRef = 0C80B4BC2C8E72D900AB720B /* Inter_24pt-Light.ttf */; };
		0C80B4F32C8E72DA00AB720B /* Inter_28pt-Bold.ttf in Resources */ = {isa = PBXBuildFile; fileRef = 0C80B4BD2C8E72D900AB720B /* Inter_28pt-Bold.ttf */; };
		0C80B4F42C8E72DA00AB720B /* Inter_28pt-ThinItalic.ttf in Resources */ = {isa = PBXBuildFile; fileRef = 0C80B4BE2C8E72D900AB720B /* Inter_28pt-ThinItalic.ttf */; };
		0C80B4F52C8E72DA00AB720B /* Inter_28pt-Italic.ttf in Resources */ = {isa = PBXBuildFile; fileRef = 0C80B4BF2C8E72D900AB720B /* Inter_28pt-Italic.ttf */; };
		0C80B4F62C8E72DA00AB720B /* Inter_18pt-BoldItalic.ttf in Resources */ = {isa = PBXBuildFile; fileRef = 0C80B4C02C8E72D900AB720B /* Inter_18pt-BoldItalic.ttf */; };
		0C80B4F72C8E72DA00AB720B /* Inter_24pt-Regular.ttf in Resources */ = {isa = PBXBuildFile; fileRef = 0C80B4C12C8E72D900AB720B /* Inter_24pt-Regular.ttf */; };
		0C80B4F82C8E72DA00AB720B /* Inter_24pt-SemiBold.ttf in Resources */ = {isa = PBXBuildFile; fileRef = 0C80B4C22C8E72D900AB720B /* Inter_24pt-SemiBold.ttf */; };
		0C80B4F92C8E72DA00AB720B /* Inter_18pt-ExtraLightItalic.ttf in Resources */ = {isa = PBXBuildFile; fileRef = 0C80B4C32C8E72D900AB720B /* Inter_18pt-ExtraLightItalic.ttf */; };
		0C80B4FA2C8E72DA00AB720B /* Inter_28pt-ExtraLight.ttf in Resources */ = {isa = PBXBuildFile; fileRef = 0C80B4C42C8E72D900AB720B /* Inter_28pt-ExtraLight.ttf */; };
		0C80B4FB2C8E72DA00AB720B /* Inter_28pt-Medium.ttf in Resources */ = {isa = PBXBuildFile; fileRef = 0C80B4C52C8E72D900AB720B /* Inter_28pt-Medium.ttf */; };
		0C80B4FC2C8E72DA00AB720B /* Inter_28pt-MediumItalic.ttf in Resources */ = {isa = PBXBuildFile; fileRef = 0C80B4C62C8E72D900AB720B /* Inter_28pt-MediumItalic.ttf */; };
		0C80B4FD2C8E72DA00AB720B /* Inter_28pt-SemiBold.ttf in Resources */ = {isa = PBXBuildFile; fileRef = 0C80B4C72C8E72D900AB720B /* Inter_28pt-SemiBold.ttf */; };
		0C80B4FE2C8E72DA00AB720B /* Inter_18pt-Thin.ttf in Resources */ = {isa = PBXBuildFile; fileRef = 0C80B4C82C8E72D900AB720B /* Inter_18pt-Thin.ttf */; };
		0C80B4FF2C8E72DA00AB720B /* Inter_24pt-Italic.ttf in Resources */ = {isa = PBXBuildFile; fileRef = 0C80B4C92C8E72D900AB720B /* Inter_24pt-Italic.ttf */; };
		0C80B5002C8E72DA00AB720B /* Inter_28pt-SemiBoldItalic.ttf in Resources */ = {isa = PBXBuildFile; fileRef = 0C80B4CA2C8E72D900AB720B /* Inter_28pt-SemiBoldItalic.ttf */; };
		0C80B5012C8E72DA00AB720B /* Inter_18pt-Black.ttf in Resources */ = {isa = PBXBuildFile; fileRef = 0C80B4CB2C8E72D900AB720B /* Inter_18pt-Black.ttf */; };
		0C80B5022C8E72DA00AB720B /* Inter_24pt-Medium.ttf in Resources */ = {isa = PBXBuildFile; fileRef = 0C80B4CC2C8E72D900AB720B /* Inter_24pt-Medium.ttf */; };
		0C80B5032C8E72DA00AB720B /* Inter_28pt-LightItalic.ttf in Resources */ = {isa = PBXBuildFile; fileRef = 0C80B4CD2C8E72D900AB720B /* Inter_28pt-LightItalic.ttf */; };
		0C80B5042C8E72DA00AB720B /* Inter_28pt-Black.ttf in Resources */ = {isa = PBXBuildFile; fileRef = 0C80B4CE2C8E72D900AB720B /* Inter_28pt-Black.ttf */; };
		0C80B5052C8E72DA00AB720B /* Inter_18pt-Italic.ttf in Resources */ = {isa = PBXBuildFile; fileRef = 0C80B4CF2C8E72D900AB720B /* Inter_18pt-Italic.ttf */; };
		0C80B5062C8E72DA00AB720B /* Inter_18pt-ExtraBold.ttf in Resources */ = {isa = PBXBuildFile; fileRef = 0C80B4D02C8E72D900AB720B /* Inter_18pt-ExtraBold.ttf */; };
		0C80B5072C8E72DA00AB720B /* Inter_24pt-LightItalic.ttf in Resources */ = {isa = PBXBuildFile; fileRef = 0C80B4D12C8E72D900AB720B /* Inter_24pt-LightItalic.ttf */; };
		0C80B5082C8E72DA00AB720B /* Inter_18pt-MediumItalic.ttf in Resources */ = {isa = PBXBuildFile; fileRef = 0C80B4D22C8E72D900AB720B /* Inter_18pt-MediumItalic.ttf */; };
		0C80B5092C8E72DA00AB720B /* Inter_28pt-Thin.ttf in Resources */ = {isa = PBXBuildFile; fileRef = 0C80B4D32C8E72D900AB720B /* Inter_28pt-Thin.ttf */; };
		0C80B50A2C8E72DA00AB720B /* Inter_24pt-ExtraLightItalic.ttf in Resources */ = {isa = PBXBuildFile; fileRef = 0C80B4D42C8E72D900AB720B /* Inter_24pt-ExtraLightItalic.ttf */; };
		0C80B50B2C8E72DA00AB720B /* Inter_18pt-SemiBoldItalic.ttf in Resources */ = {isa = PBXBuildFile; fileRef = 0C80B4D52C8E72D900AB720B /* Inter_18pt-SemiBoldItalic.ttf */; };
		0C80B50C2C8E72DA00AB720B /* Inter_18pt-LightItalic.ttf in Resources */ = {isa = PBXBuildFile; fileRef = 0C80B4D62C8E72D900AB720B /* Inter_18pt-LightItalic.ttf */; };
		0C80B50D2C8E72DA00AB720B /* Inter_18pt-Medium.ttf in Resources */ = {isa = PBXBuildFile; fileRef = 0C80B4D72C8E72D900AB720B /* Inter_18pt-Medium.ttf */; };
		0C80B50E2C8E72DA00AB720B /* Inter_28pt-ExtraLightItalic.ttf in Resources */ = {isa = PBXBuildFile; fileRef = 0C80B4D82C8E72D900AB720B /* Inter_28pt-ExtraLightItalic.ttf */; };
		0C80B50F2C8E72DA00AB720B /* Inter_18pt-BlackItalic.ttf in Resources */ = {isa = PBXBuildFile; fileRef = 0C80B4D92C8E72D900AB720B /* Inter_18pt-BlackItalic.ttf */; };
		0C80B5102C8E72DA00AB720B /* Inter_28pt-ExtraBold.ttf in Resources */ = {isa = PBXBuildFile; fileRef = 0C80B4DA2C8E72DA00AB720B /* Inter_28pt-ExtraBold.ttf */; };
		0C80B5112C8E72DA00AB720B /* Inter_18pt-ThinItalic.ttf in Resources */ = {isa = PBXBuildFile; fileRef = 0C80B4DB2C8E72DA00AB720B /* Inter_18pt-ThinItalic.ttf */; };
		0C80B5122C8E72DA00AB720B /* Inter_24pt-ExtraBoldItalic.ttf in Resources */ = {isa = PBXBuildFile; fileRef = 0C80B4DC2C8E72DA00AB720B /* Inter_24pt-ExtraBoldItalic.ttf */; };
		0C80B5132C8E72DA00AB720B /* Inter_28pt-BoldItalic.ttf in Resources */ = {isa = PBXBuildFile; fileRef = 0C80B4DD2C8E72DA00AB720B /* Inter_28pt-BoldItalic.ttf */; };
		0C80B5142C8E72DA00AB720B /* Inter_24pt-BoldItalic.ttf in Resources */ = {isa = PBXBuildFile; fileRef = 0C80B4DE2C8E72DA00AB720B /* Inter_24pt-BoldItalic.ttf */; };
		0C80B5152C8E72DA00AB720B /* Inter_24pt-ExtraLight.ttf in Resources */ = {isa = PBXBuildFile; fileRef = 0C80B4DF2C8E72DA00AB720B /* Inter_24pt-ExtraLight.ttf */; };
		0C80B5162C8E72DA00AB720B /* Inter_24pt-Thin.ttf in Resources */ = {isa = PBXBuildFile; fileRef = 0C80B4E02C8E72DA00AB720B /* Inter_24pt-Thin.ttf */; };
		0C80B5172C8E72DA00AB720B /* Inter_18pt-Light.ttf in Resources */ = {isa = PBXBuildFile; fileRef = 0C80B4E12C8E72DA00AB720B /* Inter_18pt-Light.ttf */; };
		0C80B5182C8E72DA00AB720B /* Inter_18pt-SemiBold.ttf in Resources */ = {isa = PBXBuildFile; fileRef = 0C80B4E22C8E72DA00AB720B /* Inter_18pt-SemiBold.ttf */; };
		0C80B5192C8E72DA00AB720B /* Inter_18pt-ExtraLight.ttf in Resources */ = {isa = PBXBuildFile; fileRef = 0C80B4E32C8E72DA00AB720B /* Inter_18pt-ExtraLight.ttf */; };
		0C80B51A2C8E72DA00AB720B /* Inter_18pt-Regular.ttf in Resources */ = {isa = PBXBuildFile; fileRef = 0C80B4E42C8E72DA00AB720B /* Inter_18pt-Regular.ttf */; };
		0C80B51B2C8E72DA00AB720B /* Inter_24pt-Bold.ttf in Resources */ = {isa = PBXBuildFile; fileRef = 0C80B4E52C8E72DA00AB720B /* Inter_24pt-Bold.ttf */; };
		0C80B51C2C8E72DA00AB720B /* Inter_24pt-BlackItalic.ttf in Resources */ = {isa = PBXBuildFile; fileRef = 0C80B4E62C8E72DA00AB720B /* Inter_24pt-BlackItalic.ttf */; };
		0C80B51D2C8E72DA00AB720B /* Inter_24pt-ThinItalic.ttf in Resources */ = {isa = PBXBuildFile; fileRef = 0C80B4E72C8E72DA00AB720B /* Inter_24pt-ThinItalic.ttf */; };
		0C80B51E2C8E72DA00AB720B /* Inter_28pt-BlackItalic.ttf in Resources */ = {isa = PBXBuildFile; fileRef = 0C80B4E82C8E72DA00AB720B /* Inter_28pt-BlackItalic.ttf */; };
		0C80B51F2C8E72DA00AB720B /* Inter_28pt-Regular.ttf in Resources */ = {isa = PBXBuildFile; fileRef = 0C80B4E92C8E72DA00AB720B /* Inter_28pt-Regular.ttf */; };
		0C80B5202C8E72DA00AB720B /* Inter_24pt-MediumItalic.ttf in Resources */ = {isa = PBXBuildFile; fileRef = 0C80B4EA2C8E72DA00AB720B /* Inter_24pt-MediumItalic.ttf */; };
		0C80B5212C8E72DA00AB720B /* Inter_24pt-ExtraBold.ttf in Resources */ = {isa = PBXBuildFile; fileRef = 0C80B4EB2C8E72DA00AB720B /* Inter_24pt-ExtraBold.ttf */; };
		0C80B5222C8E72DA00AB720B /* Inter_18pt-Bold.ttf in Resources */ = {isa = PBXBuildFile; fileRef = 0C80B4EC2C8E72DA00AB720B /* Inter_18pt-Bold.ttf */; };
		0C80B5232C8E72DA00AB720B /* Inter_18pt-ExtraBoldItalic.ttf in Resources */ = {isa = PBXBuildFile; fileRef = 0C80B4ED2C8E72DA00AB720B /* Inter_18pt-ExtraBoldItalic.ttf */; };
		0C80B5242C8E72DA00AB720B /* Inter_24pt-SemiBoldItalic.ttf in Resources */ = {isa = PBXBuildFile; fileRef = 0C80B4EE2C8E72DA00AB720B /* Inter_24pt-SemiBoldItalic.ttf */; };
		0C80B5262C907BC100AB720B /* FreeTimeScheduleView.swift in Sources */ = {isa = PBXBuildFile; fileRef = 0C80B5252C907BC100AB720B /* FreeTimeScheduleView.swift */; };
		0C80B5292C90BD9700AB720B /* DataManager.swift in Sources */ = {isa = PBXBuildFile; fileRef = 0C80B5272C90BD9700AB720B /* DataManager.swift */; };
		0C80B52D2C90D9A400AB720B /* ProfilePictureView.swift in Sources */ = {isa = PBXBuildFile; fileRef = 0C80B52B2C90D9A400AB720B /* ProfilePictureView.swift */; };
		0C80B5302C910E7700AB720B /* UserAvailability.swift in Sources */ = {isa = PBXBuildFile; fileRef = 0C80B52F2C910E7700AB720B /* UserAvailability.swift */; };
/* End PBXBuildFile section */

/* Begin PBXContainerItemProxy section */
		0C425A962C88F05800B7D9AB /* PBXContainerItemProxy */ = {
			isa = PBXContainerItemProxy;
			containerPortal = 0C425A7D2C88F05800B7D9AB /* Project object */;
			proxyType = 1;
			remoteGlobalIDString = 0C425A842C88F05800B7D9AB;
			remoteInfo = "FriendSocial-IOS";
		};
		0C425AA02C88F05800B7D9AB /* PBXContainerItemProxy */ = {
			isa = PBXContainerItemProxy;
			containerPortal = 0C425A7D2C88F05800B7D9AB /* Project object */;
			proxyType = 1;
			remoteGlobalIDString = 0C425A842C88F05800B7D9AB;
			remoteInfo = "FriendSocial-IOS";
		};
/* End PBXContainerItemProxy section */

/* Begin PBXFileReference section */
		0C2045FD2C911D8D00D22B1B /* Functions.swift */ = {isa = PBXFileReference; lastKnownFileType = sourcecode.swift; path = Functions.swift; sourceTree = "<group>"; };
		0C425A852C88F05800B7D9AB /* FriendSocial-IOS.app */ = {isa = PBXFileReference; explicitFileType = wrapper.application; includeInIndex = 0; path = "FriendSocial-IOS.app"; sourceTree = BUILT_PRODUCTS_DIR; };
		0C425A882C88F05800B7D9AB /* FriendSocial_IOSApp.swift */ = {isa = PBXFileReference; lastKnownFileType = sourcecode.swift; path = FriendSocial_IOSApp.swift; sourceTree = "<group>"; };
		0C425A8A2C88F05800B7D9AB /* ContentView.swift */ = {isa = PBXFileReference; lastKnownFileType = sourcecode.swift; path = ContentView.swift; sourceTree = "<group>"; };
		0C425A8C2C88F05800B7D9AB /* Assets.xcassets */ = {isa = PBXFileReference; lastKnownFileType = folder.assetcatalog; path = Assets.xcassets; sourceTree = "<group>"; };
		0C425A8F2C88F05800B7D9AB /* Preview Assets.xcassets */ = {isa = PBXFileReference; lastKnownFileType = folder.assetcatalog; path = "Preview Assets.xcassets"; sourceTree = "<group>"; };
		0C425A952C88F05800B7D9AB /* FriendSocial-IOSTests.xctest */ = {isa = PBXFileReference; explicitFileType = wrapper.cfbundle; includeInIndex = 0; path = "FriendSocial-IOSTests.xctest"; sourceTree = BUILT_PRODUCTS_DIR; };
		0C425A992C88F05800B7D9AB /* FriendSocial_IOSTests.swift */ = {isa = PBXFileReference; lastKnownFileType = sourcecode.swift; path = FriendSocial_IOSTests.swift; sourceTree = "<group>"; };
		0C425A9F2C88F05800B7D9AB /* FriendSocial-IOSUITests.xctest */ = {isa = PBXFileReference; explicitFileType = wrapper.cfbundle; includeInIndex = 0; path = "FriendSocial-IOSUITests.xctest"; sourceTree = BUILT_PRODUCTS_DIR; };
		0C425AA32C88F05800B7D9AB /* FriendSocial_IOSUITests.swift */ = {isa = PBXFileReference; lastKnownFileType = sourcecode.swift; path = FriendSocial_IOSUITests.swift; sourceTree = "<group>"; };
		0C425AA52C88F05800B7D9AB /* FriendSocial_IOSUITestsLaunchTests.swift */ = {isa = PBXFileReference; lastKnownFileType = sourcecode.swift; path = FriendSocial_IOSUITestsLaunchTests.swift; sourceTree = "<group>"; };
		0C425AB22C88F13F00B7D9AB /* ActivitiesViewModel.swift */ = {isa = PBXFileReference; fileEncoding = 4; lastKnownFileType = sourcecode.swift; path = ActivitiesViewModel.swift; sourceTree = "<group>"; };
		0C425AB42C88F14000B7D9AB /* Activity.swift */ = {isa = PBXFileReference; fileEncoding = 4; lastKnownFileType = sourcecode.swift; path = Activity.swift; sourceTree = "<group>"; };
		0C425AB52C88F14000B7D9AB /* User.swift */ = {isa = PBXFileReference; fileEncoding = 4; lastKnownFileType = sourcecode.swift; path = User.swift; sourceTree = "<group>"; };
		0C425AB72C88F14000B7D9AB /* APIService.swift */ = {isa = PBXFileReference; fileEncoding = 4; lastKnownFileType = sourcecode.swift; path = APIService.swift; sourceTree = "<group>"; };
		0C425AB92C88F14000B7D9AB /* Constants.swift */ = {isa = PBXFileReference; fileEncoding = 4; lastKnownFileType = sourcecode.swift; path = Constants.swift; sourceTree = "<group>"; };
		0C425ABB2C88F14000B7D9AB /* ActivitiesView.swift */ = {isa = PBXFileReference; fileEncoding = 4; lastKnownFileType = sourcecode.swift; path = ActivitiesView.swift; sourceTree = "<group>"; };
		0C425ABC2C88F14000B7D9AB /* ActivityCard.swift */ = {isa = PBXFileReference; fileEncoding = 4; lastKnownFileType = sourcecode.swift; path = ActivityCard.swift; sourceTree = "<group>"; };
		0C425AC82C893F3100B7D9AB /* ScheduledActivity.swift */ = {isa = PBXFileReference; fileEncoding = 4; lastKnownFileType = sourcecode.swift; path = ScheduledActivity.swift; sourceTree = "<group>"; };
		0C425AC92C893F3100B7D9AB /* ActivityParticipant.swift */ = {isa = PBXFileReference; fileEncoding = 4; lastKnownFileType = sourcecode.swift; path = ActivityParticipant.swift; sourceTree = "<group>"; };
		0C425ACC2C89415F00B7D9AB /* Location.swift */ = {isa = PBXFileReference; lastKnownFileType = sourcecode.swift; path = Location.swift; sourceTree = "<group>"; };
		0C80B47F2C8CC1D800AB720B /* Info.plist */ = {isa = PBXFileReference; lastKnownFileType = text.plist; path = Info.plist; sourceTree = "<group>"; };
		0C80B4932C8CC6F000AB720B /* Poppins-Black.ttf */ = {isa = PBXFileReference; lastKnownFileType = file; path = "Poppins-Black.ttf"; sourceTree = "<group>"; };
		0C80B4942C8CC6F000AB720B /* Poppins-BlackItalic.ttf */ = {isa = PBXFileReference; lastKnownFileType = file; path = "Poppins-BlackItalic.ttf"; sourceTree = "<group>"; };
		0C80B4952C8CC6F000AB720B /* Poppins-Italic.ttf */ = {isa = PBXFileReference; lastKnownFileType = file; path = "Poppins-Italic.ttf"; sourceTree = "<group>"; };
		0C80B4962C8CC6F000AB720B /* Poppins-Bold.ttf */ = {isa = PBXFileReference; lastKnownFileType = file; path = "Poppins-Bold.ttf"; sourceTree = "<group>"; };
		0C80B4972C8CC6F000AB720B /* Poppins-Thin.ttf */ = {isa = PBXFileReference; lastKnownFileType = file; path = "Poppins-Thin.ttf"; sourceTree = "<group>"; };
		0C80B4982C8CC6F000AB720B /* Poppins-LightItalic.ttf */ = {isa = PBXFileReference; lastKnownFileType = file; path = "Poppins-LightItalic.ttf"; sourceTree = "<group>"; };
		0C80B4992C8CC6F000AB720B /* Poppins-BoldItalic.ttf */ = {isa = PBXFileReference; lastKnownFileType = file; path = "Poppins-BoldItalic.ttf"; sourceTree = "<group>"; };
		0C80B49A2C8CC6F000AB720B /* Poppins-ExtraBold.ttf */ = {isa = PBXFileReference; lastKnownFileType = file; path = "Poppins-ExtraBold.ttf"; sourceTree = "<group>"; };
		0C80B49B2C8CC6F000AB720B /* Poppins-Light.ttf */ = {isa = PBXFileReference; lastKnownFileType = file; path = "Poppins-Light.ttf"; sourceTree = "<group>"; };
		0C80B49C2C8CC6F000AB720B /* Poppins-ExtraLight.ttf */ = {isa = PBXFileReference; lastKnownFileType = file; path = "Poppins-ExtraLight.ttf"; sourceTree = "<group>"; };
		0C80B49D2C8CC6F000AB720B /* Poppins-SemiBold.ttf */ = {isa = PBXFileReference; lastKnownFileType = file; path = "Poppins-SemiBold.ttf"; sourceTree = "<group>"; };
		0C80B49E2C8CC6F000AB720B /* Poppins-SemiBoldItalic.ttf */ = {isa = PBXFileReference; lastKnownFileType = file; path = "Poppins-SemiBoldItalic.ttf"; sourceTree = "<group>"; };
		0C80B49F2C8CC6F000AB720B /* Poppins-ExtraBoldItalic.ttf */ = {isa = PBXFileReference; lastKnownFileType = file; path = "Poppins-ExtraBoldItalic.ttf"; sourceTree = "<group>"; };
		0C80B4A02C8CC6F000AB720B /* Poppins-Medium.ttf */ = {isa = PBXFileReference; lastKnownFileType = file; path = "Poppins-Medium.ttf"; sourceTree = "<group>"; };
		0C80B4A12C8CC6F000AB720B /* Poppins-ThinItalic.ttf */ = {isa = PBXFileReference; lastKnownFileType = file; path = "Poppins-ThinItalic.ttf"; sourceTree = "<group>"; };
		0C80B4A22C8CC6F000AB720B /* Poppins-MediumItalic.ttf */ = {isa = PBXFileReference; lastKnownFileType = file; path = "Poppins-MediumItalic.ttf"; sourceTree = "<group>"; };
		0C80B4A32C8CC6F000AB720B /* Poppins-Regular.ttf */ = {isa = PBXFileReference; lastKnownFileType = file; path = "Poppins-Regular.ttf"; sourceTree = "<group>"; };
		0C80B4A42C8CC6F000AB720B /* Poppins-ExtraLightItalic.ttf */ = {isa = PBXFileReference; lastKnownFileType = file; path = "Poppins-ExtraLightItalic.ttf"; sourceTree = "<group>"; };
		0C80B4B72C8DF0E400AB720B /* HomeView.swift */ = {isa = PBXFileReference; fileEncoding = 4; lastKnownFileType = sourcecode.swift; path = HomeView.swift; sourceTree = "<group>"; };
		0C80B4B92C8E72D900AB720B /* Inter_28pt-ExtraBoldItalic.ttf */ = {isa = PBXFileReference; lastKnownFileType = file; path = "Inter_28pt-ExtraBoldItalic.ttf"; sourceTree = "<group>"; };
		0C80B4BA2C8E72D900AB720B /* Inter_28pt-Light.ttf */ = {isa = PBXFileReference; lastKnownFileType = file; path = "Inter_28pt-Light.ttf"; sourceTree = "<group>"; };
		0C80B4BB2C8E72D900AB720B /* Inter_24pt-Black.ttf */ = {isa = PBXFileReference; lastKnownFileType = file; path = "Inter_24pt-Black.ttf"; sourceTree = "<group>"; };
		0C80B4BC2C8E72D900AB720B /* Inter_24pt-Light.ttf */ = {isa = PBXFileReference; lastKnownFileType = file; path = "Inter_24pt-Light.ttf"; sourceTree = "<group>"; };
		0C80B4BD2C8E72D900AB720B /* Inter_28pt-Bold.ttf */ = {isa = PBXFileReference; lastKnownFileType = file; path = "Inter_28pt-Bold.ttf"; sourceTree = "<group>"; };
		0C80B4BE2C8E72D900AB720B /* Inter_28pt-ThinItalic.ttf */ = {isa = PBXFileReference; lastKnownFileType = file; path = "Inter_28pt-ThinItalic.ttf"; sourceTree = "<group>"; };
		0C80B4BF2C8E72D900AB720B /* Inter_28pt-Italic.ttf */ = {isa = PBXFileReference; lastKnownFileType = file; path = "Inter_28pt-Italic.ttf"; sourceTree = "<group>"; };
		0C80B4C02C8E72D900AB720B /* Inter_18pt-BoldItalic.ttf */ = {isa = PBXFileReference; lastKnownFileType = file; path = "Inter_18pt-BoldItalic.ttf"; sourceTree = "<group>"; };
		0C80B4C12C8E72D900AB720B /* Inter_24pt-Regular.ttf */ = {isa = PBXFileReference; lastKnownFileType = file; path = "Inter_24pt-Regular.ttf"; sourceTree = "<group>"; };
		0C80B4C22C8E72D900AB720B /* Inter_24pt-SemiBold.ttf */ = {isa = PBXFileReference; lastKnownFileType = file; path = "Inter_24pt-SemiBold.ttf"; sourceTree = "<group>"; };
		0C80B4C32C8E72D900AB720B /* Inter_18pt-ExtraLightItalic.ttf */ = {isa = PBXFileReference; lastKnownFileType = file; path = "Inter_18pt-ExtraLightItalic.ttf"; sourceTree = "<group>"; };
		0C80B4C42C8E72D900AB720B /* Inter_28pt-ExtraLight.ttf */ = {isa = PBXFileReference; lastKnownFileType = file; path = "Inter_28pt-ExtraLight.ttf"; sourceTree = "<group>"; };
		0C80B4C52C8E72D900AB720B /* Inter_28pt-Medium.ttf */ = {isa = PBXFileReference; lastKnownFileType = file; path = "Inter_28pt-Medium.ttf"; sourceTree = "<group>"; };
		0C80B4C62C8E72D900AB720B /* Inter_28pt-MediumItalic.ttf */ = {isa = PBXFileReference; lastKnownFileType = file; path = "Inter_28pt-MediumItalic.ttf"; sourceTree = "<group>"; };
		0C80B4C72C8E72D900AB720B /* Inter_28pt-SemiBold.ttf */ = {isa = PBXFileReference; lastKnownFileType = file; path = "Inter_28pt-SemiBold.ttf"; sourceTree = "<group>"; };
		0C80B4C82C8E72D900AB720B /* Inter_18pt-Thin.ttf */ = {isa = PBXFileReference; lastKnownFileType = file; path = "Inter_18pt-Thin.ttf"; sourceTree = "<group>"; };
		0C80B4C92C8E72D900AB720B /* Inter_24pt-Italic.ttf */ = {isa = PBXFileReference; lastKnownFileType = file; path = "Inter_24pt-Italic.ttf"; sourceTree = "<group>"; };
		0C80B4CA2C8E72D900AB720B /* Inter_28pt-SemiBoldItalic.ttf */ = {isa = PBXFileReference; lastKnownFileType = file; path = "Inter_28pt-SemiBoldItalic.ttf"; sourceTree = "<group>"; };
		0C80B4CB2C8E72D900AB720B /* Inter_18pt-Black.ttf */ = {isa = PBXFileReference; lastKnownFileType = file; path = "Inter_18pt-Black.ttf"; sourceTree = "<group>"; };
		0C80B4CC2C8E72D900AB720B /* Inter_24pt-Medium.ttf */ = {isa = PBXFileReference; lastKnownFileType = file; path = "Inter_24pt-Medium.ttf"; sourceTree = "<group>"; };
		0C80B4CD2C8E72D900AB720B /* Inter_28pt-LightItalic.ttf */ = {isa = PBXFileReference; lastKnownFileType = file; path = "Inter_28pt-LightItalic.ttf"; sourceTree = "<group>"; };
		0C80B4CE2C8E72D900AB720B /* Inter_28pt-Black.ttf */ = {isa = PBXFileReference; lastKnownFileType = file; path = "Inter_28pt-Black.ttf"; sourceTree = "<group>"; };
		0C80B4CF2C8E72D900AB720B /* Inter_18pt-Italic.ttf */ = {isa = PBXFileReference; lastKnownFileType = file; path = "Inter_18pt-Italic.ttf"; sourceTree = "<group>"; };
		0C80B4D02C8E72D900AB720B /* Inter_18pt-ExtraBold.ttf */ = {isa = PBXFileReference; lastKnownFileType = file; path = "Inter_18pt-ExtraBold.ttf"; sourceTree = "<group>"; };
		0C80B4D12C8E72D900AB720B /* Inter_24pt-LightItalic.ttf */ = {isa = PBXFileReference; lastKnownFileType = file; path = "Inter_24pt-LightItalic.ttf"; sourceTree = "<group>"; };
		0C80B4D22C8E72D900AB720B /* Inter_18pt-MediumItalic.ttf */ = {isa = PBXFileReference; lastKnownFileType = file; path = "Inter_18pt-MediumItalic.ttf"; sourceTree = "<group>"; };
		0C80B4D32C8E72D900AB720B /* Inter_28pt-Thin.ttf */ = {isa = PBXFileReference; lastKnownFileType = file; path = "Inter_28pt-Thin.ttf"; sourceTree = "<group>"; };
		0C80B4D42C8E72D900AB720B /* Inter_24pt-ExtraLightItalic.ttf */ = {isa = PBXFileReference; lastKnownFileType = file; path = "Inter_24pt-ExtraLightItalic.ttf"; sourceTree = "<group>"; };
		0C80B4D52C8E72D900AB720B /* Inter_18pt-SemiBoldItalic.ttf */ = {isa = PBXFileReference; lastKnownFileType = file; path = "Inter_18pt-SemiBoldItalic.ttf"; sourceTree = "<group>"; };
		0C80B4D62C8E72D900AB720B /* Inter_18pt-LightItalic.ttf */ = {isa = PBXFileReference; lastKnownFileType = file; path = "Inter_18pt-LightItalic.ttf"; sourceTree = "<group>"; };
		0C80B4D72C8E72D900AB720B /* Inter_18pt-Medium.ttf */ = {isa = PBXFileReference; lastKnownFileType = file; path = "Inter_18pt-Medium.ttf"; sourceTree = "<group>"; };
		0C80B4D82C8E72D900AB720B /* Inter_28pt-ExtraLightItalic.ttf */ = {isa = PBXFileReference; lastKnownFileType = file; path = "Inter_28pt-ExtraLightItalic.ttf"; sourceTree = "<group>"; };
		0C80B4D92C8E72D900AB720B /* Inter_18pt-BlackItalic.ttf */ = {isa = PBXFileReference; lastKnownFileType = file; path = "Inter_18pt-BlackItalic.ttf"; sourceTree = "<group>"; };
		0C80B4DA2C8E72DA00AB720B /* Inter_28pt-ExtraBold.ttf */ = {isa = PBXFileReference; lastKnownFileType = file; path = "Inter_28pt-ExtraBold.ttf"; sourceTree = "<group>"; };
		0C80B4DB2C8E72DA00AB720B /* Inter_18pt-ThinItalic.ttf */ = {isa = PBXFileReference; lastKnownFileType = file; path = "Inter_18pt-ThinItalic.ttf"; sourceTree = "<group>"; };
		0C80B4DC2C8E72DA00AB720B /* Inter_24pt-ExtraBoldItalic.ttf */ = {isa = PBXFileReference; lastKnownFileType = file; path = "Inter_24pt-ExtraBoldItalic.ttf"; sourceTree = "<group>"; };
		0C80B4DD2C8E72DA00AB720B /* Inter_28pt-BoldItalic.ttf */ = {isa = PBXFileReference; lastKnownFileType = file; path = "Inter_28pt-BoldItalic.ttf"; sourceTree = "<group>"; };
		0C80B4DE2C8E72DA00AB720B /* Inter_24pt-BoldItalic.ttf */ = {isa = PBXFileReference; lastKnownFileType = file; path = "Inter_24pt-BoldItalic.ttf"; sourceTree = "<group>"; };
		0C80B4DF2C8E72DA00AB720B /* Inter_24pt-ExtraLight.ttf */ = {isa = PBXFileReference; lastKnownFileType = file; path = "Inter_24pt-ExtraLight.ttf"; sourceTree = "<group>"; };
		0C80B4E02C8E72DA00AB720B /* Inter_24pt-Thin.ttf */ = {isa = PBXFileReference; lastKnownFileType = file; path = "Inter_24pt-Thin.ttf"; sourceTree = "<group>"; };
		0C80B4E12C8E72DA00AB720B /* Inter_18pt-Light.ttf */ = {isa = PBXFileReference; lastKnownFileType = file; path = "Inter_18pt-Light.ttf"; sourceTree = "<group>"; };
		0C80B4E22C8E72DA00AB720B /* Inter_18pt-SemiBold.ttf */ = {isa = PBXFileReference; lastKnownFileType = file; path = "Inter_18pt-SemiBold.ttf"; sourceTree = "<group>"; };
		0C80B4E32C8E72DA00AB720B /* Inter_18pt-ExtraLight.ttf */ = {isa = PBXFileReference; lastKnownFileType = file; path = "Inter_18pt-ExtraLight.ttf"; sourceTree = "<group>"; };
		0C80B4E42C8E72DA00AB720B /* Inter_18pt-Regular.ttf */ = {isa = PBXFileReference; lastKnownFileType = file; path = "Inter_18pt-Regular.ttf"; sourceTree = "<group>"; };
		0C80B4E52C8E72DA00AB720B /* Inter_24pt-Bold.ttf */ = {isa = PBXFileReference; lastKnownFileType = file; path = "Inter_24pt-Bold.ttf"; sourceTree = "<group>"; };
		0C80B4E62C8E72DA00AB720B /* Inter_24pt-BlackItalic.ttf */ = {isa = PBXFileReference; lastKnownFileType = file; path = "Inter_24pt-BlackItalic.ttf"; sourceTree = "<group>"; };
		0C80B4E72C8E72DA00AB720B /* Inter_24pt-ThinItalic.ttf */ = {isa = PBXFileReference; lastKnownFileType = file; path = "Inter_24pt-ThinItalic.ttf"; sourceTree = "<group>"; };
		0C80B4E82C8E72DA00AB720B /* Inter_28pt-BlackItalic.ttf */ = {isa = PBXFileReference; lastKnownFileType = file; path = "Inter_28pt-BlackItalic.ttf"; sourceTree = "<group>"; };
		0C80B4E92C8E72DA00AB720B /* Inter_28pt-Regular.ttf */ = {isa = PBXFileReference; lastKnownFileType = file; path = "Inter_28pt-Regular.ttf"; sourceTree = "<group>"; };
		0C80B4EA2C8E72DA00AB720B /* Inter_24pt-MediumItalic.ttf */ = {isa = PBXFileReference; lastKnownFileType = file; path = "Inter_24pt-MediumItalic.ttf"; sourceTree = "<group>"; };
		0C80B4EB2C8E72DA00AB720B /* Inter_24pt-ExtraBold.ttf */ = {isa = PBXFileReference; lastKnownFileType = file; path = "Inter_24pt-ExtraBold.ttf"; sourceTree = "<group>"; };
		0C80B4EC2C8E72DA00AB720B /* Inter_18pt-Bold.ttf */ = {isa = PBXFileReference; lastKnownFileType = file; path = "Inter_18pt-Bold.ttf"; sourceTree = "<group>"; };
		0C80B4ED2C8E72DA00AB720B /* Inter_18pt-ExtraBoldItalic.ttf */ = {isa = PBXFileReference; lastKnownFileType = file; path = "Inter_18pt-ExtraBoldItalic.ttf"; sourceTree = "<group>"; };
		0C80B4EE2C8E72DA00AB720B /* Inter_24pt-SemiBoldItalic.ttf */ = {isa = PBXFileReference; lastKnownFileType = file; path = "Inter_24pt-SemiBoldItalic.ttf"; sourceTree = "<group>"; };
		0C80B5252C907BC100AB720B /* FreeTimeScheduleView.swift */ = {isa = PBXFileReference; fileEncoding = 4; lastKnownFileType = sourcecode.swift; path = FreeTimeScheduleView.swift; sourceTree = "<group>"; };
		0C80B5272C90BD9700AB720B /* DataManager.swift */ = {isa = PBXFileReference; fileEncoding = 4; lastKnownFileType = sourcecode.swift; path = DataManager.swift; sourceTree = "<group>"; };
		0C80B52B2C90D9A400AB720B /* ProfilePictureView.swift */ = {isa = PBXFileReference; fileEncoding = 4; lastKnownFileType = sourcecode.swift; path = ProfilePictureView.swift; sourceTree = "<group>"; };
		0C80B52F2C910E7700AB720B /* UserAvailability.swift */ = {isa = PBXFileReference; lastKnownFileType = sourcecode.swift; path = UserAvailability.swift; sourceTree = "<group>"; };
/* End PBXFileReference section */

/* Begin PBXFrameworksBuildPhase section */
		0C425A822C88F05800B7D9AB /* Frameworks */ = {
			isa = PBXFrameworksBuildPhase;
			buildActionMask = 2147483647;
			files = (
			);
			runOnlyForDeploymentPostprocessing = 0;
		};
		0C425A922C88F05800B7D9AB /* Frameworks */ = {
			isa = PBXFrameworksBuildPhase;
			buildActionMask = 2147483647;
			files = (
			);
			runOnlyForDeploymentPostprocessing = 0;
		};
		0C425A9C2C88F05800B7D9AB /* Frameworks */ = {
			isa = PBXFrameworksBuildPhase;
			buildActionMask = 2147483647;
			files = (
			);
			runOnlyForDeploymentPostprocessing = 0;
		};
/* End PBXFrameworksBuildPhase section */

/* Begin PBXGroup section */
		0C425A7C2C88F05800B7D9AB = {
			isa = PBXGroup;
			children = (
				0C425A872C88F05800B7D9AB /* FriendSocial-IOS */,
				0C425A982C88F05800B7D9AB /* FriendSocial-IOSTests */,
				0C425AA22C88F05800B7D9AB /* FriendSocial-IOSUITests */,
				0C425A862C88F05800B7D9AB /* Products */,
			);
			sourceTree = "<group>";
		};
		0C425A862C88F05800B7D9AB /* Products */ = {
			isa = PBXGroup;
			children = (
				0C425A852C88F05800B7D9AB /* FriendSocial-IOS.app */,
				0C425A952C88F05800B7D9AB /* FriendSocial-IOSTests.xctest */,
				0C425A9F2C88F05800B7D9AB /* FriendSocial-IOSUITests.xctest */,
			);
			name = Products;
			sourceTree = "<group>";
		};
		0C425A872C88F05800B7D9AB /* FriendSocial-IOS */ = {
			isa = PBXGroup;
			children = (
				0C80B5282C90BD9700AB720B /* Managers */,
				0C80B4922C8CC6E000AB720B /* Fonts */,
				0C80B47F2C8CC1D800AB720B /* Info.plist */,
				0C425AB62C88F14000B7D9AB /* Models */,
				0C425AB82C88F14000B7D9AB /* Services */,
				0C425ABA2C88F14000B7D9AB /* Utilities */,
				0C425AB32C88F13F00B7D9AB /* ViewModels */,
				0C425ABF2C88F14000B7D9AB /* Views */,
				0C425A882C88F05800B7D9AB /* FriendSocial_IOSApp.swift */,
				0C425A8A2C88F05800B7D9AB /* ContentView.swift */,
				0C425A8C2C88F05800B7D9AB /* Assets.xcassets */,
				0C425A8E2C88F05800B7D9AB /* Preview Content */,
			);
			path = "FriendSocial-IOS";
			sourceTree = "<group>";
		};
		0C425A8E2C88F05800B7D9AB /* Preview Content */ = {
			isa = PBXGroup;
			children = (
				0C425A8F2C88F05800B7D9AB /* Preview Assets.xcassets */,
			);
			path = "Preview Content";
			sourceTree = "<group>";
		};
		0C425A982C88F05800B7D9AB /* FriendSocial-IOSTests */ = {
			isa = PBXGroup;
			children = (
				0C425A992C88F05800B7D9AB /* FriendSocial_IOSTests.swift */,
			);
			path = "FriendSocial-IOSTests";
			sourceTree = "<group>";
		};
		0C425AA22C88F05800B7D9AB /* FriendSocial-IOSUITests */ = {
			isa = PBXGroup;
			children = (
				0C425AA32C88F05800B7D9AB /* FriendSocial_IOSUITests.swift */,
				0C425AA52C88F05800B7D9AB /* FriendSocial_IOSUITestsLaunchTests.swift */,
			);
			path = "FriendSocial-IOSUITests";
			sourceTree = "<group>";
		};
		0C425AB32C88F13F00B7D9AB /* ViewModels */ = {
			isa = PBXGroup;
			children = (
				0C425AB22C88F13F00B7D9AB /* ActivitiesViewModel.swift */,
			);
			path = ViewModels;
			sourceTree = "<group>";
		};
		0C425AB62C88F14000B7D9AB /* Models */ = {
			isa = PBXGroup;
			children = (
				0C425AC92C893F3100B7D9AB /* ActivityParticipant.swift */,
				0C425AC82C893F3100B7D9AB /* ScheduledActivity.swift */,
				0C425AB42C88F14000B7D9AB /* Activity.swift */,
				0C425AB52C88F14000B7D9AB /* User.swift */,
				0C425ACC2C89415F00B7D9AB /* Location.swift */,
				0C80B52F2C910E7700AB720B /* UserAvailability.swift */,
			);
			path = Models;
			sourceTree = "<group>";
		};
		0C425AB82C88F14000B7D9AB /* Services */ = {
			isa = PBXGroup;
			children = (
				0C425AB72C88F14000B7D9AB /* APIService.swift */,
			);
			path = Services;
			sourceTree = "<group>";
		};
		0C425ABA2C88F14000B7D9AB /* Utilities */ = {
			isa = PBXGroup;
			children = (
				0C425AB92C88F14000B7D9AB /* Constants.swift */,
				0C2045FD2C911D8D00D22B1B /* Functions.swift */,
			);
			path = Utilities;
			sourceTree = "<group>";
		};
		0C425ABD2C88F14000B7D9AB /* ActivityViews */ = {
			isa = PBXGroup;
			children = (
				0C425ABB2C88F14000B7D9AB /* ActivitiesView.swift */,
				0C425ABC2C88F14000B7D9AB /* ActivityCard.swift */,
			);
			path = ActivityViews;
			sourceTree = "<group>";
		};
		0C425ABF2C88F14000B7D9AB /* Views */ = {
			isa = PBXGroup;
			children = (
				0C80B52E2C90ECFD00AB720B /* Schedule */,
				0C80B52C2C90D9A400AB720B /* Components */,
				0C80B4B72C8DF0E400AB720B /* HomeView.swift */,
				0C425ABD2C88F14000B7D9AB /* ActivityViews */,
			);
			path = Views;
			sourceTree = "<group>";
		};
		0C80B4922C8CC6E000AB720B /* Fonts */ = {
			isa = PBXGroup;
			children = (
				0C80B4CB2C8E72D900AB720B /* Inter_18pt-Black.ttf */,
				0C80B4D92C8E72D900AB720B /* Inter_18pt-BlackItalic.ttf */,
				0C80B4EC2C8E72DA00AB720B /* Inter_18pt-Bold.ttf */,
				0C80B4C02C8E72D900AB720B /* Inter_18pt-BoldItalic.ttf */,
				0C80B4D02C8E72D900AB720B /* Inter_18pt-ExtraBold.ttf */,
				0C80B4ED2C8E72DA00AB720B /* Inter_18pt-ExtraBoldItalic.ttf */,
				0C80B4E32C8E72DA00AB720B /* Inter_18pt-ExtraLight.ttf */,
				0C80B4C32C8E72D900AB720B /* Inter_18pt-ExtraLightItalic.ttf */,
				0C80B4CF2C8E72D900AB720B /* Inter_18pt-Italic.ttf */,
				0C80B4E12C8E72DA00AB720B /* Inter_18pt-Light.ttf */,
				0C80B4D62C8E72D900AB720B /* Inter_18pt-LightItalic.ttf */,
				0C80B4D72C8E72D900AB720B /* Inter_18pt-Medium.ttf */,
				0C80B4D22C8E72D900AB720B /* Inter_18pt-MediumItalic.ttf */,
				0C80B4E42C8E72DA00AB720B /* Inter_18pt-Regular.ttf */,
				0C80B4E22C8E72DA00AB720B /* Inter_18pt-SemiBold.ttf */,
				0C80B4D52C8E72D900AB720B /* Inter_18pt-SemiBoldItalic.ttf */,
				0C80B4C82C8E72D900AB720B /* Inter_18pt-Thin.ttf */,
				0C80B4DB2C8E72DA00AB720B /* Inter_18pt-ThinItalic.ttf */,
				0C80B4BB2C8E72D900AB720B /* Inter_24pt-Black.ttf */,
				0C80B4E62C8E72DA00AB720B /* Inter_24pt-BlackItalic.ttf */,
				0C80B4E52C8E72DA00AB720B /* Inter_24pt-Bold.ttf */,
				0C80B4DE2C8E72DA00AB720B /* Inter_24pt-BoldItalic.ttf */,
				0C80B4EB2C8E72DA00AB720B /* Inter_24pt-ExtraBold.ttf */,
				0C80B4DC2C8E72DA00AB720B /* Inter_24pt-ExtraBoldItalic.ttf */,
				0C80B4DF2C8E72DA00AB720B /* Inter_24pt-ExtraLight.ttf */,
				0C80B4D42C8E72D900AB720B /* Inter_24pt-ExtraLightItalic.ttf */,
				0C80B4C92C8E72D900AB720B /* Inter_24pt-Italic.ttf */,
				0C80B4BC2C8E72D900AB720B /* Inter_24pt-Light.ttf */,
				0C80B4D12C8E72D900AB720B /* Inter_24pt-LightItalic.ttf */,
				0C80B4CC2C8E72D900AB720B /* Inter_24pt-Medium.ttf */,
				0C80B4EA2C8E72DA00AB720B /* Inter_24pt-MediumItalic.ttf */,
				0C80B4C12C8E72D900AB720B /* Inter_24pt-Regular.ttf */,
				0C80B4C22C8E72D900AB720B /* Inter_24pt-SemiBold.ttf */,
				0C80B4EE2C8E72DA00AB720B /* Inter_24pt-SemiBoldItalic.ttf */,
				0C80B4E02C8E72DA00AB720B /* Inter_24pt-Thin.ttf */,
				0C80B4E72C8E72DA00AB720B /* Inter_24pt-ThinItalic.ttf */,
				0C80B4CE2C8E72D900AB720B /* Inter_28pt-Black.ttf */,
				0C80B4E82C8E72DA00AB720B /* Inter_28pt-BlackItalic.ttf */,
				0C80B4BD2C8E72D900AB720B /* Inter_28pt-Bold.ttf */,
				0C80B4DD2C8E72DA00AB720B /* Inter_28pt-BoldItalic.ttf */,
				0C80B4DA2C8E72DA00AB720B /* Inter_28pt-ExtraBold.ttf */,
				0C80B4B92C8E72D900AB720B /* Inter_28pt-ExtraBoldItalic.ttf */,
				0C80B4C42C8E72D900AB720B /* Inter_28pt-ExtraLight.ttf */,
				0C80B4D82C8E72D900AB720B /* Inter_28pt-ExtraLightItalic.ttf */,
				0C80B4BF2C8E72D900AB720B /* Inter_28pt-Italic.ttf */,
				0C80B4BA2C8E72D900AB720B /* Inter_28pt-Light.ttf */,
				0C80B4CD2C8E72D900AB720B /* Inter_28pt-LightItalic.ttf */,
				0C80B4C52C8E72D900AB720B /* Inter_28pt-Medium.ttf */,
				0C80B4C62C8E72D900AB720B /* Inter_28pt-MediumItalic.ttf */,
				0C80B4E92C8E72DA00AB720B /* Inter_28pt-Regular.ttf */,
				0C80B4C72C8E72D900AB720B /* Inter_28pt-SemiBold.ttf */,
				0C80B4CA2C8E72D900AB720B /* Inter_28pt-SemiBoldItalic.ttf */,
				0C80B4D32C8E72D900AB720B /* Inter_28pt-Thin.ttf */,
				0C80B4BE2C8E72D900AB720B /* Inter_28pt-ThinItalic.ttf */,
				0C80B4932C8CC6F000AB720B /* Poppins-Black.ttf */,
				0C80B4942C8CC6F000AB720B /* Poppins-BlackItalic.ttf */,
				0C80B4962C8CC6F000AB720B /* Poppins-Bold.ttf */,
				0C80B4992C8CC6F000AB720B /* Poppins-BoldItalic.ttf */,
				0C80B49A2C8CC6F000AB720B /* Poppins-ExtraBold.ttf */,
				0C80B49F2C8CC6F000AB720B /* Poppins-ExtraBoldItalic.ttf */,
				0C80B49C2C8CC6F000AB720B /* Poppins-ExtraLight.ttf */,
				0C80B4A42C8CC6F000AB720B /* Poppins-ExtraLightItalic.ttf */,
				0C80B4952C8CC6F000AB720B /* Poppins-Italic.ttf */,
				0C80B49B2C8CC6F000AB720B /* Poppins-Light.ttf */,
				0C80B4982C8CC6F000AB720B /* Poppins-LightItalic.ttf */,
				0C80B4A02C8CC6F000AB720B /* Poppins-Medium.ttf */,
				0C80B4A22C8CC6F000AB720B /* Poppins-MediumItalic.ttf */,
				0C80B4A32C8CC6F000AB720B /* Poppins-Regular.ttf */,
				0C80B49D2C8CC6F000AB720B /* Poppins-SemiBold.ttf */,
				0C80B49E2C8CC6F000AB720B /* Poppins-SemiBoldItalic.ttf */,
				0C80B4972C8CC6F000AB720B /* Poppins-Thin.ttf */,
				0C80B4A12C8CC6F000AB720B /* Poppins-ThinItalic.ttf */,
			);
			path = Fonts;
			sourceTree = "<group>";
		};
		0C80B5282C90BD9700AB720B /* Managers */ = {
			isa = PBXGroup;
			children = (
				0C80B5272C90BD9700AB720B /* DataManager.swift */,
			);
			path = Managers;
			sourceTree = "<group>";
		};
		0C80B52C2C90D9A400AB720B /* Components */ = {
			isa = PBXGroup;
			children = (
				0C80B52B2C90D9A400AB720B /* ProfilePictureView.swift */,
			);
			path = Components;
			sourceTree = "<group>";
		};
		0C80B52E2C90ECFD00AB720B /* Schedule */ = {
			isa = PBXGroup;
			children = (
				0C80B5252C907BC100AB720B /* FreeTimeScheduleView.swift */,
			);
			path = Schedule;
			sourceTree = "<group>";
		};
/* End PBXGroup section */

/* Begin PBXNativeTarget section */
		0C425A842C88F05800B7D9AB /* FriendSocial-IOS */ = {
			isa = PBXNativeTarget;
			buildConfigurationList = 0C425AA92C88F05800B7D9AB /* Build configuration list for PBXNativeTarget "FriendSocial-IOS" */;
			buildPhases = (
				0C425A812C88F05800B7D9AB /* Sources */,
				0C425A822C88F05800B7D9AB /* Frameworks */,
				0C425A832C88F05800B7D9AB /* Resources */,
			);
			buildRules = (
			);
			dependencies = (
			);
			name = "FriendSocial-IOS";
			productName = "FriendSocial-IOS";
			productReference = 0C425A852C88F05800B7D9AB /* FriendSocial-IOS.app */;
			productType = "com.apple.product-type.application";
		};
		0C425A942C88F05800B7D9AB /* FriendSocial-IOSTests */ = {
			isa = PBXNativeTarget;
			buildConfigurationList = 0C425AAC2C88F05800B7D9AB /* Build configuration list for PBXNativeTarget "FriendSocial-IOSTests" */;
			buildPhases = (
				0C425A912C88F05800B7D9AB /* Sources */,
				0C425A922C88F05800B7D9AB /* Frameworks */,
				0C425A932C88F05800B7D9AB /* Resources */,
			);
			buildRules = (
			);
			dependencies = (
				0C425A972C88F05800B7D9AB /* PBXTargetDependency */,
			);
			name = "FriendSocial-IOSTests";
			productName = "FriendSocial-IOSTests";
			productReference = 0C425A952C88F05800B7D9AB /* FriendSocial-IOSTests.xctest */;
			productType = "com.apple.product-type.bundle.unit-test";
		};
		0C425A9E2C88F05800B7D9AB /* FriendSocial-IOSUITests */ = {
			isa = PBXNativeTarget;
			buildConfigurationList = 0C425AAF2C88F05800B7D9AB /* Build configuration list for PBXNativeTarget "FriendSocial-IOSUITests" */;
			buildPhases = (
				0C425A9B2C88F05800B7D9AB /* Sources */,
				0C425A9C2C88F05800B7D9AB /* Frameworks */,
				0C425A9D2C88F05800B7D9AB /* Resources */,
			);
			buildRules = (
			);
			dependencies = (
				0C425AA12C88F05800B7D9AB /* PBXTargetDependency */,
			);
			name = "FriendSocial-IOSUITests";
			productName = "FriendSocial-IOSUITests";
			productReference = 0C425A9F2C88F05800B7D9AB /* FriendSocial-IOSUITests.xctest */;
			productType = "com.apple.product-type.bundle.ui-testing";
		};
/* End PBXNativeTarget section */

/* Begin PBXProject section */
		0C425A7D2C88F05800B7D9AB /* Project object */ = {
			isa = PBXProject;
			attributes = {
				BuildIndependentTargetsInParallel = 1;
				LastSwiftUpdateCheck = 1540;
				LastUpgradeCheck = 1540;
				TargetAttributes = {
					0C425A842C88F05800B7D9AB = {
						CreatedOnToolsVersion = 15.4;
					};
					0C425A942C88F05800B7D9AB = {
						CreatedOnToolsVersion = 15.4;
						TestTargetID = 0C425A842C88F05800B7D9AB;
					};
					0C425A9E2C88F05800B7D9AB = {
						CreatedOnToolsVersion = 15.4;
						TestTargetID = 0C425A842C88F05800B7D9AB;
					};
				};
			};
			buildConfigurationList = 0C425A802C88F05800B7D9AB /* Build configuration list for PBXProject "FriendSocial-IOS" */;
			compatibilityVersion = "Xcode 14.0";
			developmentRegion = en;
			hasScannedForEncodings = 0;
			knownRegions = (
				en,
				Base,
			);
			mainGroup = 0C425A7C2C88F05800B7D9AB;
			productRefGroup = 0C425A862C88F05800B7D9AB /* Products */;
			projectDirPath = "";
			projectRoot = "";
			targets = (
				0C425A842C88F05800B7D9AB /* FriendSocial-IOS */,
				0C425A942C88F05800B7D9AB /* FriendSocial-IOSTests */,
				0C425A9E2C88F05800B7D9AB /* FriendSocial-IOSUITests */,
			);
		};
/* End PBXProject section */

/* Begin PBXResourcesBuildPhase section */
		0C425A832C88F05800B7D9AB /* Resources */ = {
			isa = PBXResourcesBuildPhase;
			buildActionMask = 2147483647;
			files = (
				0C80B5152C8E72DA00AB720B /* Inter_24pt-ExtraLight.ttf in Resources */,
				0C425A902C88F05800B7D9AB /* Preview Assets.xcassets in Resources */,
				0C80B5032C8E72DA00AB720B /* Inter_28pt-LightItalic.ttf in Resources */,
				0C425A8D2C88F05800B7D9AB /* Assets.xcassets in Resources */,
				0C80B5192C8E72DA00AB720B /* Inter_18pt-ExtraLight.ttf in Resources */,
				0C80B5022C8E72DA00AB720B /* Inter_24pt-Medium.ttf in Resources */,
				0C80B4A52C8CC72600AB720B /* Poppins-Bold.ttf in Resources */,
				0C80B4A62C8CC72600AB720B /* Poppins-Black.ttf in Resources */,
				0C80B4F82C8E72DA00AB720B /* Inter_24pt-SemiBold.ttf in Resources */,
				0C80B4FE2C8E72DA00AB720B /* Inter_18pt-Thin.ttf in Resources */,
				0C80B5092C8E72DA00AB720B /* Inter_28pt-Thin.ttf in Resources */,
				0C80B4A72C8CC72600AB720B /* Poppins-MediumItalic.ttf in Resources */,
				0C80B5042C8E72DA00AB720B /* Inter_28pt-Black.ttf in Resources */,
				0C80B4A82C8CC72600AB720B /* Poppins-Medium.ttf in Resources */,
				0C80B4FB2C8E72DA00AB720B /* Inter_28pt-Medium.ttf in Resources */,
				0C80B4F32C8E72DA00AB720B /* Inter_28pt-Bold.ttf in Resources */,
				0C80B51F2C8E72DA00AB720B /* Inter_28pt-Regular.ttf in Resources */,
				0C80B4F62C8E72DA00AB720B /* Inter_18pt-BoldItalic.ttf in Resources */,
				0C80B4F12C8E72DA00AB720B /* Inter_24pt-Black.ttf in Resources */,
				0C80B5232C8E72DA00AB720B /* Inter_18pt-ExtraBoldItalic.ttf in Resources */,
				0C80B5002C8E72DA00AB720B /* Inter_28pt-SemiBoldItalic.ttf in Resources */,
				0C80B5162C8E72DA00AB720B /* Inter_24pt-Thin.ttf in Resources */,
				0C80B5242C8E72DA00AB720B /* Inter_24pt-SemiBoldItalic.ttf in Resources */,
				0C80B50B2C8E72DA00AB720B /* Inter_18pt-SemiBoldItalic.ttf in Resources */,
				0C80B4A92C8CC72600AB720B /* Poppins-ThinItalic.ttf in Resources */,
				0C80B4FC2C8E72DA00AB720B /* Inter_28pt-MediumItalic.ttf in Resources */,
				0C80B4FD2C8E72DA00AB720B /* Inter_28pt-SemiBold.ttf in Resources */,
				0C80B5122C8E72DA00AB720B /* Inter_24pt-ExtraBoldItalic.ttf in Resources */,
				0C80B5112C8E72DA00AB720B /* Inter_18pt-ThinItalic.ttf in Resources */,
				0C80B5222C8E72DA00AB720B /* Inter_18pt-Bold.ttf in Resources */,
				0C80B50E2C8E72DA00AB720B /* Inter_28pt-ExtraLightItalic.ttf in Resources */,
				0C80B4F92C8E72DA00AB720B /* Inter_18pt-ExtraLightItalic.ttf in Resources */,
				0C80B5062C8E72DA00AB720B /* Inter_18pt-ExtraBold.ttf in Resources */,
				0C80B4AA2C8CC72600AB720B /* Poppins-ExtraBold.ttf in Resources */,
				0C80B5182C8E72DA00AB720B /* Inter_18pt-SemiBold.ttf in Resources */,
				0C80B4FF2C8E72DA00AB720B /* Inter_24pt-Italic.ttf in Resources */,
				0C80B4FA2C8E72DA00AB720B /* Inter_28pt-ExtraLight.ttf in Resources */,
				0C80B51E2C8E72DA00AB720B /* Inter_28pt-BlackItalic.ttf in Resources */,
				0C80B50F2C8E72DA00AB720B /* Inter_18pt-BlackItalic.ttf in Resources */,
				0C80B4AB2C8CC72600AB720B /* Poppins-BlackItalic.ttf in Resources */,
				0C80B4AC2C8CC72600AB720B /* Poppins-Italic.ttf in Resources */,
				0C80B4AD2C8CC72600AB720B /* Poppins-Light.ttf in Resources */,
				0C80B5132C8E72DA00AB720B /* Inter_28pt-BoldItalic.ttf in Resources */,
				0C80B51B2C8E72DA00AB720B /* Inter_24pt-Bold.ttf in Resources */,
				0C80B4AE2C8CC72600AB720B /* Poppins-SemiBold.ttf in Resources */,
				0C80B4AF2C8CC72600AB720B /* Poppins-SemiBoldItalic.ttf in Resources */,
				0C80B5102C8E72DA00AB720B /* Inter_28pt-ExtraBold.ttf in Resources */,
				0C80B4F52C8E72DA00AB720B /* Inter_28pt-Italic.ttf in Resources */,
				0C80B5012C8E72DA00AB720B /* Inter_18pt-Black.ttf in Resources */,
				0C80B4B02C8CC72600AB720B /* Poppins-Thin.ttf in Resources */,
				0C80B5142C8E72DA00AB720B /* Inter_24pt-BoldItalic.ttf in Resources */,
				0C80B4B12C8CC72600AB720B /* Poppins-BoldItalic.ttf in Resources */,
				0C80B4F22C8E72DA00AB720B /* Inter_24pt-Light.ttf in Resources */,
				0C80B51D2C8E72DA00AB720B /* Inter_24pt-ThinItalic.ttf in Resources */,
				0C80B4F42C8E72DA00AB720B /* Inter_28pt-ThinItalic.ttf in Resources */,
				0C80B4B22C8CC72600AB720B /* Poppins-ExtraLightItalic.ttf in Resources */,
				0C80B5172C8E72DA00AB720B /* Inter_18pt-Light.ttf in Resources */,
				0C80B50D2C8E72DA00AB720B /* Inter_18pt-Medium.ttf in Resources */,
				0C80B50A2C8E72DA00AB720B /* Inter_24pt-ExtraLightItalic.ttf in Resources */,
				0C80B5052C8E72DA00AB720B /* Inter_18pt-Italic.ttf in Resources */,
				0C80B5082C8E72DA00AB720B /* Inter_18pt-MediumItalic.ttf in Resources */,
				0C80B5202C8E72DA00AB720B /* Inter_24pt-MediumItalic.ttf in Resources */,
				0C80B4B32C8CC72600AB720B /* Poppins-LightItalic.ttf in Resources */,
				0C80B5212C8E72DA00AB720B /* Inter_24pt-ExtraBold.ttf in Resources */,
				0C80B4F72C8E72DA00AB720B /* Inter_24pt-Regular.ttf in Resources */,
				0C80B51C2C8E72DA00AB720B /* Inter_24pt-BlackItalic.ttf in Resources */,
				0C80B4EF2C8E72DA00AB720B /* Inter_28pt-ExtraBoldItalic.ttf in Resources */,
				0C80B4F02C8E72DA00AB720B /* Inter_28pt-Light.ttf in Resources */,
				0C80B50C2C8E72DA00AB720B /* Inter_18pt-LightItalic.ttf in Resources */,
				0C80B4B42C8CC72600AB720B /* Poppins-ExtraBoldItalic.ttf in Resources */,
				0C80B4B52C8CC72600AB720B /* Poppins-ExtraLight.ttf in Resources */,
				0C80B4B62C8CC72600AB720B /* Poppins-Regular.ttf in Resources */,
				0C80B5072C8E72DA00AB720B /* Inter_24pt-LightItalic.ttf in Resources */,
				0C80B51A2C8E72DA00AB720B /* Inter_18pt-Regular.ttf in Resources */,
			);
			runOnlyForDeploymentPostprocessing = 0;
		};
		0C425A932C88F05800B7D9AB /* Resources */ = {
			isa = PBXResourcesBuildPhase;
			buildActionMask = 2147483647;
			files = (
			);
			runOnlyForDeploymentPostprocessing = 0;
		};
		0C425A9D2C88F05800B7D9AB /* Resources */ = {
			isa = PBXResourcesBuildPhase;
			buildActionMask = 2147483647;
			files = (
			);
			runOnlyForDeploymentPostprocessing = 0;
		};
/* End PBXResourcesBuildPhase section */

/* Begin PBXSourcesBuildPhase section */
		0C425A812C88F05800B7D9AB /* Sources */ = {
			isa = PBXSourcesBuildPhase;
			buildActionMask = 2147483647;
			files = (
				0C425AC02C88F14000B7D9AB /* ActivitiesViewModel.swift in Sources */,
				0C80B5292C90BD9700AB720B /* DataManager.swift in Sources */,
				0C425ACB2C893F3100B7D9AB /* ActivityParticipant.swift in Sources */,
				0C80B4B82C8DF0E400AB720B /* HomeView.swift in Sources */,
				0C425A8B2C88F05800B7D9AB /* ContentView.swift in Sources */,
				0C80B5302C910E7700AB720B /* UserAvailability.swift in Sources */,
				0C425AC62C88F14000B7D9AB /* ActivityCard.swift in Sources */,
				0C425AC12C88F14000B7D9AB /* Activity.swift in Sources */,
				0C425AC22C88F14000B7D9AB /* User.swift in Sources */,
				0C425AC42C88F14000B7D9AB /* Constants.swift in Sources */,
				0C80B5262C907BC100AB720B /* FreeTimeScheduleView.swift in Sources */,
				0C2045FE2C911D8D00D22B1B /* Functions.swift in Sources */,
				0C425ACA2C893F3100B7D9AB /* ScheduledActivity.swift in Sources */,
				0C80B52D2C90D9A400AB720B /* ProfilePictureView.swift in Sources */,
				0C425AC32C88F14000B7D9AB /* APIService.swift in Sources */,
				0C425A892C88F05800B7D9AB /* FriendSocial_IOSApp.swift in Sources */,
				0C425ACD2C89415F00B7D9AB /* Location.swift in Sources */,
				0C425AC52C88F14000B7D9AB /* ActivitiesView.swift in Sources */,
			);
			runOnlyForDeploymentPostprocessing = 0;
		};
		0C425A912C88F05800B7D9AB /* Sources */ = {
			isa = PBXSourcesBuildPhase;
			buildActionMask = 2147483647;
			files = (
				0C425A9A2C88F05800B7D9AB /* FriendSocial_IOSTests.swift in Sources */,
			);
			runOnlyForDeploymentPostprocessing = 0;
		};
		0C425A9B2C88F05800B7D9AB /* Sources */ = {
			isa = PBXSourcesBuildPhase;
			buildActionMask = 2147483647;
			files = (
				0C425AA42C88F05800B7D9AB /* FriendSocial_IOSUITests.swift in Sources */,
				0C425AA62C88F05800B7D9AB /* FriendSocial_IOSUITestsLaunchTests.swift in Sources */,
			);
			runOnlyForDeploymentPostprocessing = 0;
		};
/* End PBXSourcesBuildPhase section */

/* Begin PBXTargetDependency section */
		0C425A972C88F05800B7D9AB /* PBXTargetDependency */ = {
			isa = PBXTargetDependency;
			target = 0C425A842C88F05800B7D9AB /* FriendSocial-IOS */;
			targetProxy = 0C425A962C88F05800B7D9AB /* PBXContainerItemProxy */;
		};
		0C425AA12C88F05800B7D9AB /* PBXTargetDependency */ = {
			isa = PBXTargetDependency;
			target = 0C425A842C88F05800B7D9AB /* FriendSocial-IOS */;
			targetProxy = 0C425AA02C88F05800B7D9AB /* PBXContainerItemProxy */;
		};
/* End PBXTargetDependency section */

/* Begin XCBuildConfiguration section */
		0C425AA72C88F05800B7D9AB /* Debug */ = {
			isa = XCBuildConfiguration;
			buildSettings = {
				ALWAYS_SEARCH_USER_PATHS = NO;
				ASSETCATALOG_COMPILER_GENERATE_SWIFT_ASSET_SYMBOL_EXTENSIONS = YES;
				CLANG_ANALYZER_NONNULL = YES;
				CLANG_ANALYZER_NUMBER_OBJECT_CONVERSION = YES_AGGRESSIVE;
				CLANG_CXX_LANGUAGE_STANDARD = "gnu++20";
				CLANG_ENABLE_MODULES = YES;
				CLANG_ENABLE_OBJC_ARC = YES;
				CLANG_ENABLE_OBJC_WEAK = YES;
				CLANG_WARN_BLOCK_CAPTURE_AUTORELEASING = YES;
				CLANG_WARN_BOOL_CONVERSION = YES;
				CLANG_WARN_COMMA = YES;
				CLANG_WARN_CONSTANT_CONVERSION = YES;
				CLANG_WARN_DEPRECATED_OBJC_IMPLEMENTATIONS = YES;
				CLANG_WARN_DIRECT_OBJC_ISA_USAGE = YES_ERROR;
				CLANG_WARN_DOCUMENTATION_COMMENTS = YES;
				CLANG_WARN_EMPTY_BODY = YES;
				CLANG_WARN_ENUM_CONVERSION = YES;
				CLANG_WARN_INFINITE_RECURSION = YES;
				CLANG_WARN_INT_CONVERSION = YES;
				CLANG_WARN_NON_LITERAL_NULL_CONVERSION = YES;
				CLANG_WARN_OBJC_IMPLICIT_RETAIN_SELF = YES;
				CLANG_WARN_OBJC_LITERAL_CONVERSION = YES;
				CLANG_WARN_OBJC_ROOT_CLASS = YES_ERROR;
				CLANG_WARN_QUOTED_INCLUDE_IN_FRAMEWORK_HEADER = YES;
				CLANG_WARN_RANGE_LOOP_ANALYSIS = YES;
				CLANG_WARN_STRICT_PROTOTYPES = YES;
				CLANG_WARN_SUSPICIOUS_MOVE = YES;
				CLANG_WARN_UNGUARDED_AVAILABILITY = YES_AGGRESSIVE;
				CLANG_WARN_UNREACHABLE_CODE = YES;
				CLANG_WARN__DUPLICATE_METHOD_MATCH = YES;
				COPY_PHASE_STRIP = NO;
				DEBUG_INFORMATION_FORMAT = dwarf;
				ENABLE_STRICT_OBJC_MSGSEND = YES;
				ENABLE_TESTABILITY = YES;
				ENABLE_USER_SCRIPT_SANDBOXING = YES;
				GCC_C_LANGUAGE_STANDARD = gnu17;
				GCC_DYNAMIC_NO_PIC = NO;
				GCC_NO_COMMON_BLOCKS = YES;
				GCC_OPTIMIZATION_LEVEL = 0;
				GCC_PREPROCESSOR_DEFINITIONS = (
					"DEBUG=1",
					"$(inherited)",
				);
				GCC_WARN_64_TO_32_BIT_CONVERSION = YES;
				GCC_WARN_ABOUT_RETURN_TYPE = YES_ERROR;
				GCC_WARN_UNDECLARED_SELECTOR = YES;
				GCC_WARN_UNINITIALIZED_AUTOS = YES_AGGRESSIVE;
				GCC_WARN_UNUSED_FUNCTION = YES;
				GCC_WARN_UNUSED_VARIABLE = YES;
				IPHONEOS_DEPLOYMENT_TARGET = 17.5;
				LOCALIZATION_PREFERS_STRING_CATALOGS = YES;
				MTL_ENABLE_DEBUG_INFO = INCLUDE_SOURCE;
				MTL_FAST_MATH = YES;
				ONLY_ACTIVE_ARCH = YES;
				SDKROOT = iphoneos;
				SWIFT_ACTIVE_COMPILATION_CONDITIONS = "DEBUG $(inherited)";
				SWIFT_OPTIMIZATION_LEVEL = "-Onone";
			};
			name = Debug;
		};
		0C425AA82C88F05800B7D9AB /* Release */ = {
			isa = XCBuildConfiguration;
			buildSettings = {
				ALWAYS_SEARCH_USER_PATHS = NO;
				ASSETCATALOG_COMPILER_GENERATE_SWIFT_ASSET_SYMBOL_EXTENSIONS = YES;
				CLANG_ANALYZER_NONNULL = YES;
				CLANG_ANALYZER_NUMBER_OBJECT_CONVERSION = YES_AGGRESSIVE;
				CLANG_CXX_LANGUAGE_STANDARD = "gnu++20";
				CLANG_ENABLE_MODULES = YES;
				CLANG_ENABLE_OBJC_ARC = YES;
				CLANG_ENABLE_OBJC_WEAK = YES;
				CLANG_WARN_BLOCK_CAPTURE_AUTORELEASING = YES;
				CLANG_WARN_BOOL_CONVERSION = YES;
				CLANG_WARN_COMMA = YES;
				CLANG_WARN_CONSTANT_CONVERSION = YES;
				CLANG_WARN_DEPRECATED_OBJC_IMPLEMENTATIONS = YES;
				CLANG_WARN_DIRECT_OBJC_ISA_USAGE = YES_ERROR;
				CLANG_WARN_DOCUMENTATION_COMMENTS = YES;
				CLANG_WARN_EMPTY_BODY = YES;
				CLANG_WARN_ENUM_CONVERSION = YES;
				CLANG_WARN_INFINITE_RECURSION = YES;
				CLANG_WARN_INT_CONVERSION = YES;
				CLANG_WARN_NON_LITERAL_NULL_CONVERSION = YES;
				CLANG_WARN_OBJC_IMPLICIT_RETAIN_SELF = YES;
				CLANG_WARN_OBJC_LITERAL_CONVERSION = YES;
				CLANG_WARN_OBJC_ROOT_CLASS = YES_ERROR;
				CLANG_WARN_QUOTED_INCLUDE_IN_FRAMEWORK_HEADER = YES;
				CLANG_WARN_RANGE_LOOP_ANALYSIS = YES;
				CLANG_WARN_STRICT_PROTOTYPES = YES;
				CLANG_WARN_SUSPICIOUS_MOVE = YES;
				CLANG_WARN_UNGUARDED_AVAILABILITY = YES_AGGRESSIVE;
				CLANG_WARN_UNREACHABLE_CODE = YES;
				CLANG_WARN__DUPLICATE_METHOD_MATCH = YES;
				COPY_PHASE_STRIP = NO;
				DEBUG_INFORMATION_FORMAT = "dwarf-with-dsym";
				ENABLE_NS_ASSERTIONS = NO;
				ENABLE_STRICT_OBJC_MSGSEND = YES;
				ENABLE_USER_SCRIPT_SANDBOXING = YES;
				GCC_C_LANGUAGE_STANDARD = gnu17;
				GCC_NO_COMMON_BLOCKS = YES;
				GCC_WARN_64_TO_32_BIT_CONVERSION = YES;
				GCC_WARN_ABOUT_RETURN_TYPE = YES_ERROR;
				GCC_WARN_UNDECLARED_SELECTOR = YES;
				GCC_WARN_UNINITIALIZED_AUTOS = YES_AGGRESSIVE;
				GCC_WARN_UNUSED_FUNCTION = YES;
				GCC_WARN_UNUSED_VARIABLE = YES;
				IPHONEOS_DEPLOYMENT_TARGET = 17.5;
				LOCALIZATION_PREFERS_STRING_CATALOGS = YES;
				MTL_ENABLE_DEBUG_INFO = NO;
				MTL_FAST_MATH = YES;
				SDKROOT = iphoneos;
				SWIFT_COMPILATION_MODE = wholemodule;
				VALIDATE_PRODUCT = YES;
			};
			name = Release;
		};
		0C425AAA2C88F05800B7D9AB /* Debug */ = {
			isa = XCBuildConfiguration;
			buildSettings = {
				ASSETCATALOG_COMPILER_APPICON_NAME = AppIcon;
				ASSETCATALOG_COMPILER_GLOBAL_ACCENT_COLOR_NAME = AccentColor;
				CODE_SIGN_STYLE = Automatic;
				CURRENT_PROJECT_VERSION = 1;
				DEVELOPMENT_ASSET_PATHS = "\"FriendSocial-IOS/Preview Content\"";
				DEVELOPMENT_TEAM = 987R9VSE9J;
				ENABLE_PREVIEWS = YES;
				GENERATE_INFOPLIST_FILE = YES;
				INFOPLIST_FILE = "FriendSocial-IOS/Info.plist";
				INFOPLIST_KEY_UIApplicationSceneManifest_Generation = YES;
				INFOPLIST_KEY_UIApplicationSupportsIndirectInputEvents = YES;
				INFOPLIST_KEY_UILaunchScreen_Generation = YES;
				INFOPLIST_KEY_UISupportedInterfaceOrientations_iPad = "UIInterfaceOrientationPortrait UIInterfaceOrientationPortraitUpsideDown UIInterfaceOrientationLandscapeLeft UIInterfaceOrientationLandscapeRight";
				INFOPLIST_KEY_UISupportedInterfaceOrientations_iPhone = "UIInterfaceOrientationPortrait UIInterfaceOrientationLandscapeLeft UIInterfaceOrientationLandscapeRight";
				LD_RUNPATH_SEARCH_PATHS = (
					"$(inherited)",
					"@executable_path/Frameworks",
				);
				MARKETING_VERSION = 1.0;
				PRODUCT_BUNDLE_IDENTIFIER = "com.mzinck.FriendSocial-IOS";
				PRODUCT_NAME = "$(TARGET_NAME)";
				SWIFT_EMIT_LOC_STRINGS = YES;
				SWIFT_VERSION = 5.0;
				TARGETED_DEVICE_FAMILY = "1,2";
			};
			name = Debug;
		};
		0C425AAB2C88F05800B7D9AB /* Release */ = {
			isa = XCBuildConfiguration;
			buildSettings = {
				ASSETCATALOG_COMPILER_APPICON_NAME = AppIcon;
				ASSETCATALOG_COMPILER_GLOBAL_ACCENT_COLOR_NAME = AccentColor;
				CODE_SIGN_STYLE = Automatic;
				CURRENT_PROJECT_VERSION = 1;
				DEVELOPMENT_ASSET_PATHS = "\"FriendSocial-IOS/Preview Content\"";
				DEVELOPMENT_TEAM = 987R9VSE9J;
				ENABLE_PREVIEWS = YES;
				GENERATE_INFOPLIST_FILE = YES;
				INFOPLIST_FILE = "FriendSocial-IOS/Info.plist";
				INFOPLIST_KEY_UIApplicationSceneManifest_Generation = YES;
				INFOPLIST_KEY_UIApplicationSupportsIndirectInputEvents = YES;
				INFOPLIST_KEY_UILaunchScreen_Generation = YES;
				INFOPLIST_KEY_UISupportedInterfaceOrientations_iPad = "UIInterfaceOrientationPortrait UIInterfaceOrientationPortraitUpsideDown UIInterfaceOrientationLandscapeLeft UIInterfaceOrientationLandscapeRight";
				INFOPLIST_KEY_UISupportedInterfaceOrientations_iPhone = "UIInterfaceOrientationPortrait UIInterfaceOrientationLandscapeLeft UIInterfaceOrientationLandscapeRight";
				LD_RUNPATH_SEARCH_PATHS = (
					"$(inherited)",
					"@executable_path/Frameworks",
				);
				MARKETING_VERSION = 1.0;
				PRODUCT_BUNDLE_IDENTIFIER = "com.mzinck.FriendSocial-IOS";
				PRODUCT_NAME = "$(TARGET_NAME)";
				SWIFT_EMIT_LOC_STRINGS = YES;
				SWIFT_VERSION = 5.0;
				TARGETED_DEVICE_FAMILY = "1,2";
			};
			name = Release;
		};
		0C425AAD2C88F05800B7D9AB /* Debug */ = {
			isa = XCBuildConfiguration;
			buildSettings = {
				ALWAYS_EMBED_SWIFT_STANDARD_LIBRARIES = YES;
				BUNDLE_LOADER = "$(TEST_HOST)";
				CODE_SIGN_STYLE = Automatic;
				CURRENT_PROJECT_VERSION = 1;
				DEVELOPMENT_TEAM = 987R9VSE9J;
				GENERATE_INFOPLIST_FILE = YES;
				IPHONEOS_DEPLOYMENT_TARGET = 17.5;
				MARKETING_VERSION = 1.0;
				PRODUCT_BUNDLE_IDENTIFIER = "com.mzinck.FriendSocial-IOSTests";
				PRODUCT_NAME = "$(TARGET_NAME)";
				SWIFT_EMIT_LOC_STRINGS = NO;
				SWIFT_VERSION = 5.0;
				TARGETED_DEVICE_FAMILY = "1,2";
				TEST_HOST = "$(BUILT_PRODUCTS_DIR)/FriendSocial-IOS.app/$(BUNDLE_EXECUTABLE_FOLDER_PATH)/FriendSocial-IOS";
			};
			name = Debug;
		};
		0C425AAE2C88F05800B7D9AB /* Release */ = {
			isa = XCBuildConfiguration;
			buildSettings = {
				ALWAYS_EMBED_SWIFT_STANDARD_LIBRARIES = YES;
				BUNDLE_LOADER = "$(TEST_HOST)";
				CODE_SIGN_STYLE = Automatic;
				CURRENT_PROJECT_VERSION = 1;
				DEVELOPMENT_TEAM = 987R9VSE9J;
				GENERATE_INFOPLIST_FILE = YES;
				IPHONEOS_DEPLOYMENT_TARGET = 17.5;
				MARKETING_VERSION = 1.0;
				PRODUCT_BUNDLE_IDENTIFIER = "com.mzinck.FriendSocial-IOSTests";
				PRODUCT_NAME = "$(TARGET_NAME)";
				SWIFT_EMIT_LOC_STRINGS = NO;
				SWIFT_VERSION = 5.0;
				TARGETED_DEVICE_FAMILY = "1,2";
				TEST_HOST = "$(BUILT_PRODUCTS_DIR)/FriendSocial-IOS.app/$(BUNDLE_EXECUTABLE_FOLDER_PATH)/FriendSocial-IOS";
			};
			name = Release;
		};
		0C425AB02C88F05800B7D9AB /* Debug */ = {
			isa = XCBuildConfiguration;
			buildSettings = {
				ALWAYS_EMBED_SWIFT_STANDARD_LIBRARIES = YES;
				CODE_SIGN_STYLE = Automatic;
				CURRENT_PROJECT_VERSION = 1;
				DEVELOPMENT_TEAM = 987R9VSE9J;
				GENERATE_INFOPLIST_FILE = YES;
				MARKETING_VERSION = 1.0;
				PRODUCT_BUNDLE_IDENTIFIER = "com.mzinck.FriendSocial-IOSUITests";
				PRODUCT_NAME = "$(TARGET_NAME)";
				SWIFT_EMIT_LOC_STRINGS = NO;
				SWIFT_VERSION = 5.0;
				TARGETED_DEVICE_FAMILY = "1,2";
				TEST_TARGET_NAME = "FriendSocial-IOS";
			};
			name = Debug;
		};
		0C425AB12C88F05800B7D9AB /* Release */ = {
			isa = XCBuildConfiguration;
			buildSettings = {
				ALWAYS_EMBED_SWIFT_STANDARD_LIBRARIES = YES;
				CODE_SIGN_STYLE = Automatic;
				CURRENT_PROJECT_VERSION = 1;
				DEVELOPMENT_TEAM = 987R9VSE9J;
				GENERATE_INFOPLIST_FILE = YES;
				MARKETING_VERSION = 1.0;
				PRODUCT_BUNDLE_IDENTIFIER = "com.mzinck.FriendSocial-IOSUITests";
				PRODUCT_NAME = "$(TARGET_NAME)";
				SWIFT_EMIT_LOC_STRINGS = NO;
				SWIFT_VERSION = 5.0;
				TARGETED_DEVICE_FAMILY = "1,2";
				TEST_TARGET_NAME = "FriendSocial-IOS";
			};
			name = Release;
		};
/* End XCBuildConfiguration section */

/* Begin XCConfigurationList section */
		0C425A802C88F05800B7D9AB /* Build configuration list for PBXProject "FriendSocial-IOS" */ = {
			isa = XCConfigurationList;
			buildConfigurations = (
				0C425AA72C88F05800B7D9AB /* Debug */,
				0C425AA82C88F05800B7D9AB /* Release */,
			);
			defaultConfigurationIsVisible = 0;
			defaultConfigurationName = Release;
		};
		0C425AA92C88F05800B7D9AB /* Build configuration list for PBXNativeTarget "FriendSocial-IOS" */ = {
			isa = XCConfigurationList;
			buildConfigurations = (
				0C425AAA2C88F05800B7D9AB /* Debug */,
				0C425AAB2C88F05800B7D9AB /* Release */,
			);
			defaultConfigurationIsVisible = 0;
			defaultConfigurationName = Release;
		};
		0C425AAC2C88F05800B7D9AB /* Build configuration list for PBXNativeTarget "FriendSocial-IOSTests" */ = {
			isa = XCConfigurationList;
			buildConfigurations = (
				0C425AAD2C88F05800B7D9AB /* Debug */,
				0C425AAE2C88F05800B7D9AB /* Release */,
			);
			defaultConfigurationIsVisible = 0;
			defaultConfigurationName = Release;
		};
		0C425AAF2C88F05800B7D9AB /* Build configuration list for PBXNativeTarget "FriendSocial-IOSUITests" */ = {
			isa = XCConfigurationList;
			buildConfigurations = (
				0C425AB02C88F05800B7D9AB /* Debug */,
				0C425AB12C88F05800B7D9AB /* Release */,
			);
			defaultConfigurationIsVisible = 0;
			defaultConfigurationName = Release;
		};
/* End XCConfigurationList section */
	};
	rootObject = 0C425A7D2C88F05800B7D9AB /* Project object */;
}
